schema=ssh-drop-dispatcher-webui-core-lock-v1
template_repository=Lycidias93/android-root-module-webui-template
template_commit=81678604122636ad87a0f6d48eac1262a67154a4
core_version=0.3.0
core_version_blob=0d91a54c7d439e84e3dd17d3594f1b2b6737f430
migration_model=adapter-first
browser_transport=loopback-only
bootstrap=one-time-token-to-httponly-cookie
javascript_shell_exec=forbidden
arbitrary_path_input=forbidden
boot_dependency=no
